
Microsoft Visual Studio Solution File, Format Version 12.00
# Visual Studio Version 17
VisualStudioVersion = 17.3.32922.545
MinimumVisualStudioVersion = 10.0.40219.1
Project("{FAE04EC0-301F-11D3-BF4B-00C04F79EFBC}") = "LambdaDelegat", "LambdaDelegat\LambdaDelegat.csproj", "{1CEA2068-50B0-4489-B459-21906EA39150}"
EndProject
Global
	GlobalSection(SolutionConfigurationPlatforms) = preSolution
		Debug|Any CPU = Debug|Any CPU
		Release|Any CPU = Release|Any CPU
	EndGlobalSection
	GlobalSection(ProjectConfigurationPlatforms) = postSolution
		{1CEA2068-50B0-4489-B459-21906EA39150}.Debug|Any CPU.ActiveCfg = Debug|Any CPU
		{1CEA2068-50B0-4489-B459-21906EA39150}.Debug|Any CPU.Build.0 = Debug|Any CPU
		{1CEA2068-50B0-4489-B459-21906EA39150}.Release|Any CPU.ActiveCfg = Release|Any CPU
		{1CEA2068-50B0-4489-B459-21906EA39150}.Release|Any CPU.Build.0 = Release|Any CPU
	EndGlobalSection
	GlobalSection(SolutionProperties) = preSolution
		HideSolutionNode = FALSE
	EndGlobalSection
	GlobalSection(ExtensibilityGlobals) = postSolution
		SolutionGuid = {465BD93C-3AEE-45CD-9E53-795BCB449409}
	EndGlobalSection
EndGlobal
